
Microsoft Visual Studio Solution File, Format Version 12.00
# Visual Studio 15
VisualStudioVersion = 15.0.27130.2010
MinimumVisualStudioVersion = 10.0.40219.1
Project("{FAE04EC0-301F-11D3-BF4B-00C04F79EFBC}") = "FridgeOOP", "FridgeOOP\FridgeOOP.csproj", "{84312704-85B9-4622-BA96-D241FB4DCB97}"
EndProject
Global
	GlobalSection(SolutionConfigurationPlatforms) = preSolution
		Debug|Any CPU = Debug|Any CPU
		Release|Any CPU = Release|Any CPU
	EndGlobalSection
	GlobalSection(ProjectConfigurationPlatforms) = postSolution
		{84312704-85B9-4622-BA96-D241FB4DCB97}.Debug|Any CPU.ActiveCfg = Debug|Any CPU
		{84312704-85B9-4622-BA96-D241FB4DCB97}.Debug|Any CPU.Build.0 = Debug|Any CPU
		{84312704-85B9-4622-BA96-D241FB4DCB97}.Release|Any CPU.ActiveCfg = Release|Any CPU
		{84312704-85B9-4622-BA96-D241FB4DCB97}.Release|Any CPU.Build.0 = Release|Any CPU
	EndGlobalSection
	GlobalSection(SolutionProperties) = preSolution
		HideSolutionNode = FALSE
	EndGlobalSection
	GlobalSection(ExtensibilityGlobals) = postSolution
		SolutionGuid = {2ED9CE7E-C8D0-428C-AA03-D4A3F634882D}
	EndGlobalSection
EndGlobal
